
Microsoft Visual Studio Solution File, Format Version 12.00
# Visual Studio Version 17
VisualStudioVersion = 17.7.34018.315
MinimumVisualStudioVersion = 10.0.40219.1
Project("{9A19103F-16F7-4668-BE54-9A1E7A4F7556}") = "CarServNew", "CarServ\CarServNew.csproj", "{009F4BC1-D121-4D38-A207-F2DBE938387C}"
EndProject
Global
	GlobalSection(SolutionConfigurationPlatforms) = preSolution
		Debug|Any CPU = Debug|Any CPU
		Release|Any CPU = Release|Any CPU
	EndGlobalSection
	GlobalSection(ProjectConfigurationPlatforms) = postSolution
		{009F4BC1-D121-4D38-A207-F2DBE938387C}.Debug|Any CPU.ActiveCfg = Debug|Any CPU
		{009F4BC1-D121-4D38-A207-F2DBE938387C}.Debug|Any CPU.Build.0 = Debug|Any CPU
		{009F4BC1-D121-4D38-A207-F2DBE938387C}.Release|Any CPU.ActiveCfg = Release|Any CPU
		{009F4BC1-D121-4D38-A207-F2DBE938387C}.Release|Any CPU.Build.0 = Release|Any CPU
	EndGlobalSection
	GlobalSection(SolutionProperties) = preSolution
		HideSolutionNode = FALSE
	EndGlobalSection
	GlobalSection(ExtensibilityGlobals) = postSolution
		SolutionGuid = {44D6AC54-B4BE-40CB-80AD-E443A2EE0080}
	EndGlobalSection
EndGlobal
